// !$*UTF8*$!
{
	archiveVersion = 1;
	classes = {
	};
	objectVersion = 46;
	objects = {

/* Begin PBXBuildFile section */
		314040FE1EA0D7C300805A88 /* AppDelegate.swift in Sources */ = {isa = PBXBuildFile; fileRef = 314040FD1EA0D7C300805A88 /* AppDelegate.swift */; };
		314041031EA0D7C300805A88 /* Main.storyboard in Resources */ = {isa = PBXBuildFile; fileRef = 314041011EA0D7C300805A88 /* Main.storyboard */; };
		314041051EA0D7C300805A88 /* Assets.xcassets in Resources */ = {isa = PBXBuildFile; fileRef = 314041041EA0D7C300805A88 /* Assets.xcassets */; };
		314041081EA0D7C300805A88 /* LaunchScreen.storyboard in Resources */ = {isa = PBXBuildFile; fileRef = 314041061EA0D7C300805A88 /* LaunchScreen.storyboard */; };
		3140411F1EA0D83900805A88 /* LatestViewController.swift in Sources */ = {isa = PBXBuildFile; fileRef = 3140411E1EA0D83900805A88 /* LatestViewController.swift */; };
		314041211EA0D87500805A88 /* BookTableViewCell.swift in Sources */ = {isa = PBXBuildFile; fileRef = 314041201EA0D87500805A88 /* BookTableViewCell.swift */; };
		3140412C1EA109B400805A88 /* BookCover.png in Resources */ = {isa = PBXBuildFile; fileRef = 3140412B1EA109B400805A88 /* BookCover.png */; };
		3140412E1EA10A1F00805A88 /* Util.swift in Sources */ = {isa = PBXBuildFile; fileRef = 3140412D1EA10A1F00805A88 /* Util.swift */; };
		314041441EA1BC9700805A88 /* BookInfoViewController.swift in Sources */ = {isa = PBXBuildFile; fileRef = 314041431EA1BC9700805A88 /* BookInfoViewController.swift */; };
		314041461EA251C100805A88 /* Book.swift in Sources */ = {isa = PBXBuildFile; fileRef = 314041451EA251C100805A88 /* Book.swift */; };
		317592AC1EBD47B70055CFC3 /* SSZipArchive.framework in Frameworks */ = {isa = PBXBuildFile; fileRef = 317592AA1EBD479C0055CFC3 /* SSZipArchive.framework */; };
		317592AD1EBD47B70055CFC3 /* SSZipArchive.framework in Embed Frameworks */ = {isa = PBXBuildFile; fileRef = 317592AA1EBD479C0055CFC3 /* SSZipArchive.framework */; settings = {ATTRIBUTES = (CodeSignOnCopy, RemoveHeadersOnCopy, ); }; };
		317592B51EBD4D840055CFC3 /* SDWebImage.framework in Frameworks */ = {isa = PBXBuildFile; fileRef = 317592B41EBD4D840055CFC3 /* SDWebImage.framework */; };
		317592B61EBD4D840055CFC3 /* SDWebImage.framework in Embed Frameworks */ = {isa = PBXBuildFile; fileRef = 317592B41EBD4D840055CFC3 /* SDWebImage.framework */; settings = {ATTRIBUTES = (CodeSignOnCopy, RemoveHeadersOnCopy, ); }; };
		317592E21EBD56090055CFC3 /* FLAnimatedImageView+WebCache.m in Sources */ = {isa = PBXBuildFile; fileRef = 317592BA1EBD56090055CFC3 /* FLAnimatedImageView+WebCache.m */; };
		317592E31EBD56090055CFC3 /* MKAnnotationView+WebCache.m in Sources */ = {isa = PBXBuildFile; fileRef = 317592BC1EBD56090055CFC3 /* MKAnnotationView+WebCache.m */; };
		317592E41EBD56090055CFC3 /* NSData+ImageContentType.m in Sources */ = {isa = PBXBuildFile; fileRef = 317592BE1EBD56090055CFC3 /* NSData+ImageContentType.m */; };
		317592E51EBD56090055CFC3 /* NSImage+WebCache.m in Sources */ = {isa = PBXBuildFile; fileRef = 317592C01EBD56090055CFC3 /* NSImage+WebCache.m */; };
		317592E61EBD56090055CFC3 /* SDImageCache.m in Sources */ = {isa = PBXBuildFile; fileRef = 317592C21EBD56090055CFC3 /* SDImageCache.m */; };
		317592E71EBD56090055CFC3 /* SDImageCacheConfig.m in Sources */ = {isa = PBXBuildFile; fileRef = 317592C41EBD56090055CFC3 /* SDImageCacheConfig.m */; };
		317592E81EBD56090055CFC3 /* SDWebImageCompat.m in Sources */ = {isa = PBXBuildFile; fileRef = 317592C61EBD56090055CFC3 /* SDWebImageCompat.m */; };
		317592E91EBD56090055CFC3 /* SDWebImageDecoder.m in Sources */ = {isa = PBXBuildFile; fileRef = 317592C81EBD56090055CFC3 /* SDWebImageDecoder.m */; };
		317592EA1EBD56090055CFC3 /* SDWebImageDownloader.m in Sources */ = {isa = PBXBuildFile; fileRef = 317592CA1EBD56090055CFC3 /* SDWebImageDownloader.m */; };
		317592EB1EBD56090055CFC3 /* SDWebImageDownloaderOperation.m in Sources */ = {isa = PBXBuildFile; fileRef = 317592CC1EBD56090055CFC3 /* SDWebImageDownloaderOperation.m */; };
		317592EC1EBD56090055CFC3 /* SDWebImageManager.m in Sources */ = {isa = PBXBuildFile; fileRef = 317592CE1EBD56090055CFC3 /* SDWebImageManager.m */; };
		317592ED1EBD56090055CFC3 /* SDWebImagePrefetcher.m in Sources */ = {isa = PBXBuildFile; fileRef = 317592D11EBD56090055CFC3 /* SDWebImagePrefetcher.m */; };
		317592EE1EBD56090055CFC3 /* UIButton+WebCache.m in Sources */ = {isa = PBXBuildFile; fileRef = 317592D31EBD56090055CFC3 /* UIButton+WebCache.m */; };
		317592EF1EBD56090055CFC3 /* UIImage+GIF.m in Sources */ = {isa = PBXBuildFile; fileRef = 317592D51EBD56090055CFC3 /* UIImage+GIF.m */; };
		317592F01EBD56090055CFC3 /* UIImage+MultiFormat.m in Sources */ = {isa = PBXBuildFile; fileRef = 317592D71EBD56090055CFC3 /* UIImage+MultiFormat.m */; };
		317592F11EBD56090055CFC3 /* UIImage+WebP.m in Sources */ = {isa = PBXBuildFile; fileRef = 317592D91EBD56090055CFC3 /* UIImage+WebP.m */; };
		317592F21EBD56090055CFC3 /* UIImageView+HighlightedWebCache.m in Sources */ = {isa = PBXBuildFile; fileRef = 317592DB1EBD56090055CFC3 /* UIImageView+HighlightedWebCache.m */; };
		317592F31EBD56090055CFC3 /* UIImageView+WebCache.m in Sources */ = {isa = PBXBuildFile; fileRef = 317592DD1EBD56090055CFC3 /* UIImageView+WebCache.m */; };
		317592F41EBD56090055CFC3 /* UIView+WebCache.m in Sources */ = {isa = PBXBuildFile; fileRef = 317592DF1EBD56090055CFC3 /* UIView+WebCache.m */; };
		317592F51EBD56090055CFC3 /* UIView+WebCacheOperation.m in Sources */ = {isa = PBXBuildFile; fileRef = 317592E11EBD56090055CFC3 /* UIView+WebCacheOperation.m */; };
		317592FC1EBD56450055CFC3 /* FLAnimatedImage.m in Sources */ = {isa = PBXBuildFile; fileRef = 317592F81EBD56450055CFC3 /* FLAnimatedImage.m */; };
		317592FD1EBD56450055CFC3 /* FLAnimatedImageView.m in Sources */ = {isa = PBXBuildFile; fileRef = 317592FA1EBD56450055CFC3 /* FLAnimatedImageView.m */; };
		317592FE1EBD56450055CFC3 /* Info.plist in Resources */ = {isa = PBXBuildFile; fileRef = 317592FB1EBD56450055CFC3 /* Info.plist */; };
		317593001EBD58830055CFC3 /* libwebp.framework in Frameworks */ = {isa = PBXBuildFile; fileRef = 317592FF1EBD58830055CFC3 /* libwebp.framework */; };
		317593011EBD58830055CFC3 /* libwebp.framework in Embed Frameworks */ = {isa = PBXBuildFile; fileRef = 317592FF1EBD58830055CFC3 /* libwebp.framework */; settings = {ATTRIBUTES = (CodeSignOnCopy, RemoveHeadersOnCopy, ); }; };
		317593031EBD5E6B0055CFC3 /* libz.tbd in Frameworks */ = {isa = PBXBuildFile; fileRef = 317593021EBD5E6B0055CFC3 /* libz.tbd */; };
		31A0D0BE1EC1635D007C7B1E /* TextAudioBooksTests.swift in Sources */ = {isa = PBXBuildFile; fileRef = 31A0D0BD1EC1635D007C7B1E /* TextAudioBooksTests.swift */; };
		31A0D0C51EC1636B007C7B1E /* SSZipArchive+Swift.swift in Sources */ = {isa = PBXBuildFile; fileRef = 7A3FFC5E1EC00FDC00175F32 /* SSZipArchive+Swift.swift */; };
		7A3FFC631EC00FDC00175F32 /* aescrypt.c in Sources */ = {isa = PBXBuildFile; fileRef = 7A3FFC401EC00FDC00175F32 /* aescrypt.c */; };
		7A3FFC641EC00FDC00175F32 /* aeskey.c in Sources */ = {isa = PBXBuildFile; fileRef = 7A3FFC411EC00FDC00175F32 /* aeskey.c */; };
		7A3FFC651EC00FDC00175F32 /* aestab.c in Sources */ = {isa = PBXBuildFile; fileRef = 7A3FFC431EC00FDC00175F32 /* aestab.c */; };
		7A3FFC661EC00FDC00175F32 /* entropy.c in Sources */ = {isa = PBXBuildFile; fileRef = 7A3FFC471EC00FDC00175F32 /* entropy.c */; };
		7A3FFC671EC00FDC00175F32 /* fileenc.c in Sources */ = {isa = PBXBuildFile; fileRef = 7A3FFC491EC00FDC00175F32 /* fileenc.c */; };
		7A3FFC681EC00FDC00175F32 /* hmac.c in Sources */ = {isa = PBXBuildFile; fileRef = 7A3FFC4B1EC00FDC00175F32 /* hmac.c */; };
		7A3FFC691EC00FDC00175F32 /* prng.c in Sources */ = {isa = PBXBuildFile; fileRef = 7A3FFC4D1EC00FDC00175F32 /* prng.c */; };
		7A3FFC6A1EC00FDC00175F32 /* pwd2key.c in Sources */ = {isa = PBXBuildFile; fileRef = 7A3FFC4F1EC00FDC00175F32 /* pwd2key.c */; };
		7A3FFC6B1EC00FDC00175F32 /* sha1.c in Sources */ = {isa = PBXBuildFile; fileRef = 7A3FFC511EC00FDC00175F32 /* sha1.c */; };
		7A3FFC6C1EC00FDC00175F32 /* Info.plist in Resources */ = {isa = PBXBuildFile; fileRef = 7A3FFC531EC00FDC00175F32 /* Info.plist */; };
		7A3FFC6D1EC00FDC00175F32 /* ioapi.c in Sources */ = {isa = PBXBuildFile; fileRef = 7A3FFC561EC00FDC00175F32 /* ioapi.c */; };
		7A3FFC6E1EC00FDC00175F32 /* mztools.c in Sources */ = {isa = PBXBuildFile; fileRef = 7A3FFC581EC00FDC00175F32 /* mztools.c */; };
		7A3FFC6F1EC00FDC00175F32 /* unzip.c in Sources */ = {isa = PBXBuildFile; fileRef = 7A3FFC5A1EC00FDC00175F32 /* unzip.c */; };
		7A3FFC701EC00FDC00175F32 /* zip.c in Sources */ = {isa = PBXBuildFile; fileRef = 7A3FFC5C1EC00FDC00175F32 /* zip.c */; };
		7A3FFC711EC00FDC00175F32 /* SSZipArchive+Swift.swift in Sources */ = {isa = PBXBuildFile; fileRef = 7A3FFC5E1EC00FDC00175F32 /* SSZipArchive+Swift.swift */; };
		7A3FFC721EC00FDC00175F32 /* SSZipArchive.m in Sources */ = {isa = PBXBuildFile; fileRef = 7A3FFC601EC00FDC00175F32 /* SSZipArchive.m */; };
		7AD57B741EA4545000549B02 /* MyBooksViewController.swift in Sources */ = {isa = PBXBuildFile; fileRef = 7AD57B731EA4545000549B02 /* MyBooksViewController.swift */; };
		7AD57B801EA4613E00549B02 /* MZDownloadManager.swift in Sources */ = {isa = PBXBuildFile; fileRef = 7AD57B7D1EA4613E00549B02 /* MZDownloadManager.swift */; };
		7AD57B811EA4613E00549B02 /* MZDownloadModel.swift in Sources */ = {isa = PBXBuildFile; fileRef = 7AD57B7E1EA4613E00549B02 /* MZDownloadModel.swift */; };
		7AD57B821EA4613E00549B02 /* MZUtility.swift in Sources */ = {isa = PBXBuildFile; fileRef = 7AD57B7F1EA4613E00549B02 /* MZUtility.swift */; };
		7AD57B841EA4787900549B02 /* MyBooksCell.swift in Sources */ = {isa = PBXBuildFile; fileRef = 7AD57B831EA4787900549B02 /* MyBooksCell.swift */; };
		7AD57BC41EA5A57000549B02 /* MZDownloadManagerViewController.swift in Sources */ = {isa = PBXBuildFile; fileRef = 7AD57BC21EA5A57000549B02 /* MZDownloadManagerViewController.swift */; };
		7AD57BC51EA5A57000549B02 /* MZDownloadingCell.swift in Sources */ = {isa = PBXBuildFile; fileRef = 7AD57BC31EA5A57000549B02 /* MZDownloadingCell.swift */; };
		7AD57BCB1EA85A0F00549B02 /* BookCoverViewController.swift in Sources */ = {isa = PBXBuildFile; fileRef = 7AD57BCA1EA85A0F00549B02 /* BookCoverViewController.swift */; };
		7AD57BCE1EA876E800549B02 /* ContentsViewController.swift in Sources */ = {isa = PBXBuildFile; fileRef = 7AD57BCD1EA876E800549B02 /* ContentsViewController.swift */; };
		7AD57BD01EA8921D00549B02 /* ReadBookViewController.swift in Sources */ = {isa = PBXBuildFile; fileRef = 7AD57BCF1EA8921D00549B02 /* ReadBookViewController.swift */; };
		7AD57BD31EA9E75000549B02 /* AVFoundation.framework in Frameworks */ = {isa = PBXBuildFile; fileRef = 7AD57BD21EA9E75000549B02 /* AVFoundation.framework */; };
		7AD57BD51EB2FE8D00549B02 /* StoreKit.framework in Frameworks */ = {isa = PBXBuildFile; fileRef = 7AD57BD41EB2FE8D00549B02 /* StoreKit.framework */; };
		7AD57BD91EB3055C00549B02 /* IAPHelper.swift in Sources */ = {isa = PBXBuildFile; fileRef = 7AD57BD81EB3055C00549B02 /* IAPHelper.swift */; };
		7AD57BDB1EB31C6900549B02 /* TextAudioProducst.swift in Sources */ = {isa = PBXBuildFile; fileRef = 7AD57BDA1EB31C6900549B02 /* TextAudioProducst.swift */; };
/* End PBXBuildFile section */

/* Begin PBXContainerItemProxy section */
		31A0D0C01EC1635E007C7B1E /* PBXContainerItemProxy */ = {
			isa = PBXContainerItemProxy;
			containerPortal = 314040F21EA0D7C300805A88 /* Project object */;
			proxyType = 1;
			remoteGlobalIDString = 314040F91EA0D7C300805A88;
			remoteInfo = TextAudioBooks;
		};
/* End PBXContainerItemProxy section */

/* Begin PBXCopyFilesBuildPhase section */
		317592AE1EBD47B70055CFC3 /* Embed Frameworks */ = {
			isa = PBXCopyFilesBuildPhase;
			buildActionMask = 2147483647;
			dstPath = "";
			dstSubfolderSpec = 10;
			files = (
				317593011EBD58830055CFC3 /* libwebp.framework in Embed Frameworks */,
				317592B61EBD4D840055CFC3 /* SDWebImage.framework in Embed Frameworks */,
				317592AD1EBD47B70055CFC3 /* SSZipArchive.framework in Embed Frameworks */,
			);
			name = "Embed Frameworks";
			runOnlyForDeploymentPostprocessing = 0;
		};
/* End PBXCopyFilesBuildPhase section */

/* Begin PBXFileReference section */
		314040FA1EA0D7C300805A88 /* TextAudioBooks.app */ = {isa = PBXFileReference; explicitFileType = wrapper.application; includeInIndex = 0; path = TextAudioBooks.app; sourceTree = BUILT_PRODUCTS_DIR; };
		314040FD1EA0D7C300805A88 /* AppDelegate.swift */ = {isa = PBXFileReference; lastKnownFileType = sourcecode.swift; path = AppDelegate.swift; sourceTree = "<group>"; };
		314041021EA0D7C300805A88 /* Base */ = {isa = PBXFileReference; lastKnownFileType = file.storyboard; name = Base; path = Base.lproj/Main.storyboard; sourceTree = "<group>"; };
		314041041EA0D7C300805A88 /* Assets.xcassets */ = {isa = PBXFileReference; lastKnownFileType = folder.assetcatalog; path = Assets.xcassets; sourceTree = "<group>"; };
		314041071EA0D7C300805A88 /* Base */ = {isa = PBXFileReference; lastKnownFileType = file.storyboard; name = Base; path = Base.lproj/LaunchScreen.storyboard; sourceTree = "<group>"; };
		314041091EA0D7C300805A88 /* Info.plist */ = {isa = PBXFileReference; lastKnownFileType = text.plist.xml; path = Info.plist; sourceTree = "<group>"; };
		314041121EA0D7C400805A88 /* TextAudioTests.swift */ = {isa = PBXFileReference; lastKnownFileType = sourcecode.swift; path = TextAudioTests.swift; sourceTree = "<group>"; };
		314041141EA0D7C400805A88 /* Info.plist */ = {isa = PBXFileReference; lastKnownFileType = text.plist.xml; path = Info.plist; sourceTree = "<group>"; };
		3140411E1EA0D83900805A88 /* LatestViewController.swift */ = {isa = PBXFileReference; fileEncoding = 4; lastKnownFileType = sourcecode.swift; path = LatestViewController.swift; sourceTree = "<group>"; };
		314041201EA0D87500805A88 /* BookTableViewCell.swift */ = {isa = PBXFileReference; fileEncoding = 4; lastKnownFileType = sourcecode.swift; path = BookTableViewCell.swift; sourceTree = "<group>"; };
		3140412B1EA109B400805A88 /* BookCover.png */ = {isa = PBXFileReference; lastKnownFileType = image.png; path = BookCover.png; sourceTree = "<group>"; };
		3140412D1EA10A1F00805A88 /* Util.swift */ = {isa = PBXFileReference; fileEncoding = 4; lastKnownFileType = sourcecode.swift; path = Util.swift; sourceTree = "<group>"; };
		314041431EA1BC9700805A88 /* BookInfoViewController.swift */ = {isa = PBXFileReference; fileEncoding = 4; lastKnownFileType = sourcecode.swift; path = BookInfoViewController.swift; sourceTree = "<group>"; };
		314041451EA251C100805A88 /* Book.swift */ = {isa = PBXFileReference; fileEncoding = 4; lastKnownFileType = sourcecode.swift; path = Book.swift; sourceTree = "<group>"; };
		317592AA1EBD479C0055CFC3 /* SSZipArchive.framework */ = {isa = PBXFileReference; lastKnownFileType = wrapper.framework; name = SSZipArchive.framework; path = frameworks/SSZipArchive.framework; sourceTree = "<group>"; };
		317592B41EBD4D840055CFC3 /* SDWebImage.framework */ = {isa = PBXFileReference; lastKnownFileType = wrapper.framework; name = SDWebImage.framework; path = frameworks/SDWebImage.framework; sourceTree = "<group>"; };
		317592B91EBD56090055CFC3 /* FLAnimatedImageView+WebCache.h */ = {isa = PBXFileReference; fileEncoding = 4; lastKnownFileType = sourcecode.c.h; path = "FLAnimatedImageView+WebCache.h"; sourceTree = "<group>"; };
		317592BA1EBD56090055CFC3 /* FLAnimatedImageView+WebCache.m */ = {isa = PBXFileReference; fileEncoding = 4; lastKnownFileType = sourcecode.c.objc; path = "FLAnimatedImageView+WebCache.m"; sourceTree = "<group>"; };
		317592BB1EBD56090055CFC3 /* MKAnnotationView+WebCache.h */ = {isa = PBXFileReference; fileEncoding = 4; lastKnownFileType = sourcecode.c.h; path = "MKAnnotationView+WebCache.h"; sourceTree = "<group>"; };
		317592BC1EBD56090055CFC3 /* MKAnnotationView+WebCache.m */ = {isa = PBXFileReference; fileEncoding = 4; lastKnownFileType = sourcecode.c.objc; path = "MKAnnotationView+WebCache.m"; sourceTree = "<group>"; };
		317592BD1EBD56090055CFC3 /* NSData+ImageContentType.h */ = {isa = PBXFileReference; fileEncoding = 4; lastKnownFileType = sourcecode.c.h; path = "NSData+ImageContentType.h"; sourceTree = "<group>"; };
		317592BE1EBD56090055CFC3 /* NSData+ImageContentType.m */ = {isa = PBXFileReference; fileEncoding = 4; lastKnownFileType = sourcecode.c.objc; path = "NSData+ImageContentType.m"; sourceTree = "<group>"; };
		317592BF1EBD56090055CFC3 /* NSImage+WebCache.h */ = {isa = PBXFileReference; fileEncoding = 4; lastKnownFileType = sourcecode.c.h; path = "NSImage+WebCache.h"; sourceTree = "<group>"; };
		317592C01EBD56090055CFC3 /* NSImage+WebCache.m */ = {isa = PBXFileReference; fileEncoding = 4; lastKnownFileType = sourcecode.c.objc; path = "NSImage+WebCache.m"; sourceTree = "<group>"; };
		317592C11EBD56090055CFC3 /* SDImageCache.h */ = {isa = PBXFileReference; fileEncoding = 4; lastKnownFileType = sourcecode.c.h; path = SDImageCache.h; sourceTree = "<group>"; };
		317592C21EBD56090055CFC3 /* SDImageCache.m */ = {isa = PBXFileReference; fileEncoding = 4; lastKnownFileType = sourcecode.c.objc; path = SDImageCache.m; sourceTree = "<group>"; };
		317592C31EBD56090055CFC3 /* SDImageCacheConfig.h */ = {isa = PBXFileReference; fileEncoding = 4; lastKnownFileType = sourcecode.c.h; path = SDImageCacheConfig.h; sourceTree = "<group>"; };
		317592C41EBD56090055CFC3 /* SDImageCacheConfig.m */ = {isa = PBXFileReference; fileEncoding = 4; lastKnownFileType = sourcecode.c.objc; path = SDImageCacheConfig.m; sourceTree = "<group>"; };
		317592C51EBD56090055CFC3 /* SDWebImageCompat.h */ = {isa = PBXFileReference; fileEncoding = 4; lastKnownFileType = sourcecode.c.h; path = SDWebImageCompat.h; sourceTree = "<group>"; };
		317592C61EBD56090055CFC3 /* SDWebImageCompat.m */ = {isa = PBXFileReference; fileEncoding = 4; lastKnownFileType = sourcecode.c.objc; path = SDWebImageCompat.m; sourceTree = "<group>"; };
		317592C71EBD56090055CFC3 /* SDWebImageDecoder.h */ = {isa = PBXFileReference; fileEncoding = 4; lastKnownFileType = sourcecode.c.h; path = SDWebImageDecoder.h; sourceTree = "<group>"; };
		317592C81EBD56090055CFC3 /* SDWebImageDecoder.m */ = {isa = PBXFileReference; fileEncoding = 4; lastKnownFileType = sourcecode.c.objc; path = SDWebImageDecoder.m; sourceTree = "<group>"; };
		317592C91EBD56090055CFC3 /* SDWebImageDownloader.h */ = {isa = PBXFileReference; fileEncoding = 4; lastKnownFileType = sourcecode.c.h; path = SDWebImageDownloader.h; sourceTree = "<group>"; };
		317592CA1EBD56090055CFC3 /* SDWebImageDownloader.m */ = {isa = PBXFileReference; fileEncoding = 4; lastKnownFileType = sourcecode.c.objc; path = SDWebImageDownloader.m; sourceTree = "<group>"; };
		317592CB1EBD56090055CFC3 /* SDWebImageDownloaderOperation.h */ = {isa = PBXFileReference; fileEncoding = 4; lastKnownFileType = sourcecode.c.h; path = SDWebImageDownloaderOperation.h; sourceTree = "<group>"; };
		317592CC1EBD56090055CFC3 /* SDWebImageDownloaderOperation.m */ = {isa = PBXFileReference; fileEncoding = 4; lastKnownFileType = sourcecode.c.objc; path = SDWebImageDownloaderOperation.m; sourceTree = "<group>"; };
		317592CD1EBD56090055CFC3 /* SDWebImageManager.h */ = {isa = PBXFileReference; fileEncoding = 4; lastKnownFileType = sourcecode.c.h; path = SDWebImageManager.h; sourceTree = "<group>"; };
		317592CE1EBD56090055CFC3 /* SDWebImageManager.m */ = {isa = PBXFileReference; fileEncoding = 4; lastKnownFileType = sourcecode.c.objc; path = SDWebImageManager.m; sourceTree = "<group>"; };
		317592CF1EBD56090055CFC3 /* SDWebImageOperation.h */ = {isa = PBXFileReference; fileEncoding = 4; lastKnownFileType = sourcecode.c.h; path = SDWebImageOperation.h; sourceTree = "<group>"; };
		317592D01EBD56090055CFC3 /* SDWebImagePrefetcher.h */ = {isa = PBXFileReference; fileEncoding = 4; lastKnownFileType = sourcecode.c.h; path = SDWebImagePrefetcher.h; sourceTree = "<group>"; };
		317592D11EBD56090055CFC3 /* SDWebImagePrefetcher.m */ = {isa = PBXFileReference; fileEncoding = 4; lastKnownFileType = sourcecode.c.objc; path = SDWebImagePrefetcher.m; sourceTree = "<group>"; };
		317592D21EBD56090055CFC3 /* UIButton+WebCache.h */ = {isa = PBXFileReference; fileEncoding = 4; lastKnownFileType = sourcecode.c.h; path = "UIButton+WebCache.h"; sourceTree = "<group>"; };
		317592D31EBD56090055CFC3 /* UIButton+WebCache.m */ = {isa = PBXFileReference; fileEncoding = 4; lastKnownFileType = sourcecode.c.objc; path = "UIButton+WebCache.m"; sourceTree = "<group>"; };
		317592D41EBD56090055CFC3 /* UIImage+GIF.h */ = {isa = PBXFileReference; fileEncoding = 4; lastKnownFileType = sourcecode.c.h; path = "UIImage+GIF.h"; sourceTree = "<group>"; };
		317592D51EBD56090055CFC3 /* UIImage+GIF.m */ = {isa = PBXFileReference; fileEncoding = 4; lastKnownFileType = sourcecode.c.objc; path = "UIImage+GIF.m"; sourceTree = "<group>"; };
		317592D61EBD56090055CFC3 /* UIImage+MultiFormat.h */ = {isa = PBXFileReference; fileEncoding = 4; lastKnownFileType = sourcecode.c.h; path = "UIImage+MultiFormat.h"; sourceTree = "<group>"; };
		317592D71EBD56090055CFC3 /* UIImage+MultiFormat.m */ = {isa = PBXFileReference; fileEncoding = 4; lastKnownFileType = sourcecode.c.objc; path = "UIImage+MultiFormat.m"; sourceTree = "<group>"; };
		317592D81EBD56090055CFC3 /* UIImage+WebP.h */ = {isa = PBXFileReference; fileEncoding = 4; lastKnownFileType = sourcecode.c.h; path = "UIImage+WebP.h"; sourceTree = "<group>"; };
		317592D91EBD56090055CFC3 /* UIImage+WebP.m */ = {isa = PBXFileReference; fileEncoding = 4; lastKnownFileType = sourcecode.c.objc; path = "UIImage+WebP.m"; sourceTree = "<group>"; };
		317592DA1EBD56090055CFC3 /* UIImageView+HighlightedWebCache.h */ = {isa = PBXFileReference; fileEncoding = 4; lastKnownFileType = sourcecode.c.h; path = "UIImageView+HighlightedWebCache.h"; sourceTree = "<group>"; };
		317592DB1EBD56090055CFC3 /* UIImageView+HighlightedWebCache.m */ = {isa = PBXFileReference; fileEncoding = 4; lastKnownFileType = sourcecode.c.objc; path = "UIImageView+HighlightedWebCache.m"; sourceTree = "<group>"; };
		317592DC1EBD56090055CFC3 /* UIImageView+WebCache.h */ = {isa = PBXFileReference; fileEncoding = 4; lastKnownFileType = sourcecode.c.h; path = "UIImageView+WebCache.h"; sourceTree = "<group>"; };
		317592DD1EBD56090055CFC3 /* UIImageView+WebCache.m */ = {isa = PBXFileReference; fileEncoding = 4; lastKnownFileType = sourcecode.c.objc; path = "UIImageView+WebCache.m"; sourceTree = "<group>"; };
		317592DE1EBD56090055CFC3 /* UIView+WebCache.h */ = {isa = PBXFileReference; fileEncoding = 4; lastKnownFileType = sourcecode.c.h; path = "UIView+WebCache.h"; sourceTree = "<group>"; };
		317592DF1EBD56090055CFC3 /* UIView+WebCache.m */ = {isa = PBXFileReference; fileEncoding = 4; lastKnownFileType = sourcecode.c.objc; path = "UIView+WebCache.m"; sourceTree = "<group>"; };
		317592E01EBD56090055CFC3 /* UIView+WebCacheOperation.h */ = {isa = PBXFileReference; fileEncoding = 4; lastKnownFileType = sourcecode.c.h; path = "UIView+WebCacheOperation.h"; sourceTree = "<group>"; };
		317592E11EBD56090055CFC3 /* UIView+WebCacheOperation.m */ = {isa = PBXFileReference; fileEncoding = 4; lastKnownFileType = sourcecode.c.objc; path = "UIView+WebCacheOperation.m"; sourceTree = "<group>"; };
		317592F71EBD56450055CFC3 /* FLAnimatedImage.h */ = {isa = PBXFileReference; fileEncoding = 4; lastKnownFileType = sourcecode.c.h; path = FLAnimatedImage.h; sourceTree = "<group>"; };
		317592F81EBD56450055CFC3 /* FLAnimatedImage.m */ = {isa = PBXFileReference; fileEncoding = 4; lastKnownFileType = sourcecode.c.objc; path = FLAnimatedImage.m; sourceTree = "<group>"; };
		317592F91EBD56450055CFC3 /* FLAnimatedImageView.h */ = {isa = PBXFileReference; fileEncoding = 4; lastKnownFileType = sourcecode.c.h; path = FLAnimatedImageView.h; sourceTree = "<group>"; };
		317592FA1EBD56450055CFC3 /* FLAnimatedImageView.m */ = {isa = PBXFileReference; fileEncoding = 4; lastKnownFileType = sourcecode.c.objc; path = FLAnimatedImageView.m; sourceTree = "<group>"; };
		317592FB1EBD56450055CFC3 /* Info.plist */ = {isa = PBXFileReference; fileEncoding = 4; lastKnownFileType = text.plist.xml; path = Info.plist; sourceTree = "<group>"; };
		317592FF1EBD58830055CFC3 /* libwebp.framework */ = {isa = PBXFileReference; lastKnownFileType = wrapper.framework; name = libwebp.framework; path = frameworks/libwebp.framework; sourceTree = "<group>"; };
		317593021EBD5E6B0055CFC3 /* libz.tbd */ = {isa = PBXFileReference; lastKnownFileType = "sourcecode.text-based-dylib-definition"; name = libz.tbd; path = usr/lib/libz.tbd; sourceTree = SDKROOT; };
		31A0D0BB1EC1635D007C7B1E /* TextAudioBooksTests.xctest */ = {isa = PBXFileReference; explicitFileType = wrapper.cfbundle; includeInIndex = 0; path = TextAudioBooksTests.xctest; sourceTree = BUILT_PRODUCTS_DIR; };
		31A0D0BD1EC1635D007C7B1E /* TextAudioBooksTests.swift */ = {isa = PBXFileReference; lastKnownFileType = sourcecode.swift; path = TextAudioBooksTests.swift; sourceTree = "<group>"; };
		31A0D0BF1EC1635E007C7B1E /* Info.plist */ = {isa = PBXFileReference; lastKnownFileType = text.plist.xml; path = Info.plist; sourceTree = "<group>"; };
		7A3FFC3E1EC00FDC00175F32 /* aes.h */ = {isa = PBXFileReference; fileEncoding = 4; lastKnownFileType = sourcecode.c.h; path = aes.h; sourceTree = "<group>"; };
		7A3FFC3F1EC00FDC00175F32 /* aes_via_ace.h */ = {isa = PBXFileReference; fileEncoding = 4; lastKnownFileType = sourcecode.c.h; path = aes_via_ace.h; sourceTree = "<group>"; };
		7A3FFC401EC00FDC00175F32 /* aescrypt.c */ = {isa = PBXFileReference; fileEncoding = 4; lastKnownFileType = sourcecode.c.c; path = aescrypt.c; sourceTree = "<group>"; };
		7A3FFC411EC00FDC00175F32 /* aeskey.c */ = {isa = PBXFileReference; fileEncoding = 4; lastKnownFileType = sourcecode.c.c; path = aeskey.c; sourceTree = "<group>"; };
		7A3FFC421EC00FDC00175F32 /* aesopt.h */ = {isa = PBXFileReference; fileEncoding = 4; lastKnownFileType = sourcecode.c.h; path = aesopt.h; sourceTree = "<group>"; };
		7A3FFC431EC00FDC00175F32 /* aestab.c */ = {isa = PBXFileReference; fileEncoding = 4; lastKnownFileType = sourcecode.c.c; path = aestab.c; sourceTree = "<group>"; };
		7A3FFC441EC00FDC00175F32 /* aestab.h */ = {isa = PBXFileReference; fileEncoding = 4; lastKnownFileType = sourcecode.c.h; path = aestab.h; sourceTree = "<group>"; };
		7A3FFC451EC00FDC00175F32 /* brg_endian.h */ = {isa = PBXFileReference; fileEncoding = 4; lastKnownFileType = sourcecode.c.h; path = brg_endian.h; sourceTree = "<group>"; };
		7A3FFC461EC00FDC00175F32 /* brg_types.h */ = {isa = PBXFileReference; fileEncoding = 4; lastKnownFileType = sourcecode.c.h; path = brg_types.h; sourceTree = "<group>"; };
		7A3FFC471EC00FDC00175F32 /* entropy.c */ = {isa = PBXFileReference; fileEncoding = 4; lastKnownFileType = sourcecode.c.c; path = entropy.c; sourceTree = "<group>"; };
		7A3FFC481EC00FDC00175F32 /* entropy.h */ = {isa = PBXFileReference; fileEncoding = 4; lastKnownFileType = sourcecode.c.h; path = entropy.h; sourceTree = "<group>"; };
		7A3FFC491EC00FDC00175F32 /* fileenc.c */ = {isa = PBXFileReference; fileEncoding = 4; lastKnownFileType = sourcecode.c.c; path = fileenc.c; sourceTree = "<group>"; };
		7A3FFC4A1EC00FDC00175F32 /* fileenc.h */ = {isa = PBXFileReference; fileEncoding = 4; lastKnownFileType = sourcecode.c.h; path = fileenc.h; sourceTree = "<group>"; };
		7A3FFC4B1EC00FDC00175F32 /* hmac.c */ = {isa = PBXFileReference; fileEncoding = 4; lastKnownFileType = sourcecode.c.c; path = hmac.c; sourceTree = "<group>"; };
		7A3FFC4C1EC00FDC00175F32 /* hmac.h */ = {isa = PBXFileReference; fileEncoding = 4; lastKnownFileType = sourcecode.c.h; path = hmac.h; sourceTree = "<group>"; };
		7A3FFC4D1EC00FDC00175F32 /* prng.c */ = {isa = PBXFileReference; fileEncoding = 4; lastKnownFileType = sourcecode.c.c; path = prng.c; sourceTree = "<group>"; };
		7A3FFC4E1EC00FDC00175F32 /* prng.h */ = {isa = PBXFileReference; fileEncoding = 4; lastKnownFileType = sourcecode.c.h; path = prng.h; sourceTree = "<group>"; };
		7A3FFC4F1EC00FDC00175F32 /* pwd2key.c */ = {isa = PBXFileReference; fileEncoding = 4; lastKnownFileType = sourcecode.c.c; path = pwd2key.c; sourceTree = "<group>"; };
		7A3FFC501EC00FDC00175F32 /* pwd2key.h */ = {isa = PBXFileReference; fileEncoding = 4; lastKnownFileType = sourcecode.c.h; path = pwd2key.h; sourceTree = "<group>"; };
		7A3FFC511EC00FDC00175F32 /* sha1.c */ = {isa = PBXFileReference; fileEncoding = 4; lastKnownFileType = sourcecode.c.c; path = sha1.c; sourceTree = "<group>"; };
		7A3FFC521EC00FDC00175F32 /* sha1.h */ = {isa = PBXFileReference; fileEncoding = 4; lastKnownFileType = sourcecode.c.h; path = sha1.h; sourceTree = "<group>"; };
		7A3FFC531EC00FDC00175F32 /* Info.plist */ = {isa = PBXFileReference; fileEncoding = 4; lastKnownFileType = text.plist.xml; path = Info.plist; sourceTree = "<group>"; };
		7A3FFC551EC00FDC00175F32 /* crypt.h */ = {isa = PBXFileReference; fileEncoding = 4; lastKnownFileType = sourcecode.c.h; path = crypt.h; sourceTree = "<group>"; };
		7A3FFC561EC00FDC00175F32 /* ioapi.c */ = {isa = PBXFileReference; fileEncoding = 4; lastKnownFileType = sourcecode.c.c; path = ioapi.c; sourceTree = "<group>"; };
		7A3FFC571EC00FDC00175F32 /* ioapi.h */ = {isa = PBXFileReference; fileEncoding = 4; lastKnownFileType = sourcecode.c.h; path = ioapi.h; sourceTree = "<group>"; };
		7A3FFC581EC00FDC00175F32 /* mztools.c */ = {isa = PBXFileReference; fileEncoding = 4; lastKnownFileType = sourcecode.c.c; path = mztools.c; sourceTree = "<group>"; };
		7A3FFC591EC00FDC00175F32 /* mztools.h */ = {isa = PBXFileReference; fileEncoding = 4; lastKnownFileType = sourcecode.c.h; path = mztools.h; sourceTree = "<group>"; };
		7A3FFC5A1EC00FDC00175F32 /* unzip.c */ = {isa = PBXFileReference; fileEncoding = 4; lastKnownFileType = sourcecode.c.c; path = unzip.c; sourceTree = "<group>"; };
		7A3FFC5B1EC00FDC00175F32 /* unzip.h */ = {isa = PBXFileReference; fileEncoding = 4; lastKnownFileType = sourcecode.c.h; path = unzip.h; sourceTree = "<group>"; };
		7A3FFC5C1EC00FDC00175F32 /* zip.c */ = {isa = PBXFileReference; fileEncoding = 4; lastKnownFileType = sourcecode.c.c; path = zip.c; sourceTree = "<group>"; };
		7A3FFC5D1EC00FDC00175F32 /* zip.h */ = {isa = PBXFileReference; fileEncoding = 4; lastKnownFileType = sourcecode.c.h; path = zip.h; sourceTree = "<group>"; };
		7A3FFC5E1EC00FDC00175F32 /* SSZipArchive+Swift.swift */ = {isa = PBXFileReference; fileEncoding = 4; lastKnownFileType = sourcecode.swift; path = "SSZipArchive+Swift.swift"; sourceTree = "<group>"; };
		7A3FFC5F1EC00FDC00175F32 /* SSZipArchive.h */ = {isa = PBXFileReference; fileEncoding = 4; lastKnownFileType = sourcecode.c.h; path = SSZipArchive.h; sourceTree = "<group>"; };
		7A3FFC601EC00FDC00175F32 /* SSZipArchive.m */ = {isa = PBXFileReference; fileEncoding = 4; lastKnownFileType = sourcecode.c.objc; path = SSZipArchive.m; sourceTree = "<group>"; };
		7A3FFC611EC00FDC00175F32 /* SSZipCommon.h */ = {isa = PBXFileReference; fileEncoding = 4; lastKnownFileType = sourcecode.c.h; path = SSZipCommon.h; sourceTree = "<group>"; };
		7A3FFC621EC00FDC00175F32 /* ZipArchive.h */ = {isa = PBXFileReference; fileEncoding = 4; lastKnownFileType = sourcecode.c.h; path = ZipArchive.h; sourceTree = "<group>"; };
		7AD57B731EA4545000549B02 /* MyBooksViewController.swift */ = {isa = PBXFileReference; fileEncoding = 4; lastKnownFileType = sourcecode.swift; path = MyBooksViewController.swift; sourceTree = "<group>"; };
		7AD57B7D1EA4613E00549B02 /* MZDownloadManager.swift */ = {isa = PBXFileReference; fileEncoding = 4; lastKnownFileType = sourcecode.swift; name = MZDownloadManager.swift; path = TextAudio/DownloadManager/MZDownloadManager.swift; sourceTree = "<group>"; };
		7AD57B7E1EA4613E00549B02 /* MZDownloadModel.swift */ = {isa = PBXFileReference; fileEncoding = 4; lastKnownFileType = sourcecode.swift; name = MZDownloadModel.swift; path = TextAudio/DownloadManager/MZDownloadModel.swift; sourceTree = "<group>"; };
		7AD57B7F1EA4613E00549B02 /* MZUtility.swift */ = {isa = PBXFileReference; fileEncoding = 4; lastKnownFileType = sourcecode.swift; name = MZUtility.swift; path = TextAudio/DownloadManager/MZUtility.swift; sourceTree = "<group>"; };
		7AD57B831EA4787900549B02 /* MyBooksCell.swift */ = {isa = PBXFileReference; fileEncoding = 4; lastKnownFileType = sourcecode.swift; path = MyBooksCell.swift; sourceTree = "<group>"; };
		7AD57BC21EA5A57000549B02 /* MZDownloadManagerViewController.swift */ = {isa = PBXFileReference; fileEncoding = 4; lastKnownFileType = sourcecode.swift; path = MZDownloadManagerViewController.swift; sourceTree = "<group>"; };
		7AD57BC31EA5A57000549B02 /* MZDownloadingCell.swift */ = {isa = PBXFileReference; fileEncoding = 4; lastKnownFileType = sourcecode.swift; path = MZDownloadingCell.swift; sourceTree = "<group>"; };
		7AD57BCA1EA85A0F00549B02 /* BookCoverViewController.swift */ = {isa = PBXFileReference; fileEncoding = 4; lastKnownFileType = sourcecode.swift; path = BookCoverViewController.swift; sourceTree = "<group>"; };
		7AD57BCD1EA876E800549B02 /* ContentsViewController.swift */ = {isa = PBXFileReference; fileEncoding = 4; lastKnownFileType = sourcecode.swift; path = ContentsViewController.swift; sourceTree = "<group>"; };
		7AD57BCF1EA8921D00549B02 /* ReadBookViewController.swift */ = {isa = PBXFileReference; fileEncoding = 4; lastKnownFileType = sourcecode.swift; path = ReadBookViewController.swift; sourceTree = "<group>"; };
		7AD57BD21EA9E75000549B02 /* AVFoundation.framework */ = {isa = PBXFileReference; lastKnownFileType = wrapper.framework; name = AVFoundation.framework; path = System/Library/Frameworks/AVFoundation.framework; sourceTree = SDKROOT; };
		7AD57BD41EB2FE8D00549B02 /* StoreKit.framework */ = {isa = PBXFileReference; lastKnownFileType = wrapper.framework; name = StoreKit.framework; path = System/Library/Frameworks/StoreKit.framework; sourceTree = SDKROOT; };
		7AD57BD81EB3055C00549B02 /* IAPHelper.swift */ = {isa = PBXFileReference; fileEncoding = 4; lastKnownFileType = sourcecode.swift; path = IAPHelper.swift; sourceTree = "<group>"; };
		7AD57BDA1EB31C6900549B02 /* TextAudioProducst.swift */ = {isa = PBXFileReference; fileEncoding = 4; lastKnownFileType = sourcecode.swift; path = TextAudioProducst.swift; sourceTree = "<group>"; };
/* End PBXFileReference section */

/* Begin PBXFrameworksBuildPhase section */
		314040F71EA0D7C300805A88 /* Frameworks */ = {
			isa = PBXFrameworksBuildPhase;
			buildActionMask = 2147483647;
			files = (
				317593031EBD5E6B0055CFC3 /* libz.tbd in Frameworks */,
				317593001EBD58830055CFC3 /* libwebp.framework in Frameworks */,
				317592B51EBD4D840055CFC3 /* SDWebImage.framework in Frameworks */,
				317592AC1EBD47B70055CFC3 /* SSZipArchive.framework in Frameworks */,
				7AD57BD31EA9E75000549B02 /* AVFoundation.framework in Frameworks */,
				7AD57BD51EB2FE8D00549B02 /* StoreKit.framework in Frameworks */,
			);
			runOnlyForDeploymentPostprocessing = 0;
		};
		31A0D0B81EC1635D007C7B1E /* Frameworks */ = {
			isa = PBXFrameworksBuildPhase;
			buildActionMask = 2147483647;
			files = (
			);
			runOnlyForDeploymentPostprocessing = 0;
		};
/* End PBXFrameworksBuildPhase section */

/* Begin PBXGroup section */
		314040F11EA0D7C300805A88 = {
			isa = PBXGroup;
			children = (
				7A3FFC3C1EC00FDC00175F32 /* SSZipArchive */,
				317592F61EBD56450055CFC3 /* FLAnimatedImage */,
				317592B71EBD56090055CFC3 /* SDWebImage */,
				7AD57B7C1EA4612600549B02 /* DownloadManager */,
				314040FC1EA0D7C300805A88 /* TextAudio */,
				314041111EA0D7C400805A88 /* TextAudioTests */,
				31A0D0BC1EC1635D007C7B1E /* TextAudioBooksTests */,
				314040FB1EA0D7C300805A88 /* Products */,
				314041221EA0FBA100805A88 /* Frameworks */,
			);
			sourceTree = "<group>";
		};
		314040FB1EA0D7C300805A88 /* Products */ = {
			isa = PBXGroup;
			children = (
				314040FA1EA0D7C300805A88 /* TextAudioBooks.app */,
				31A0D0BB1EC1635D007C7B1E /* TextAudioBooksTests.xctest */,
			);
			name = Products;
			sourceTree = "<group>";
		};
		314040FC1EA0D7C300805A88 /* TextAudio */ = {
			isa = PBXGroup;
			children = (
				3140412B1EA109B400805A88 /* BookCover.png */,
				3140411D1EA0D81E00805A88 /* iPhone */,
				314040FD1EA0D7C300805A88 /* AppDelegate.swift */,
				314041041EA0D7C300805A88 /* Assets.xcassets */,
				314041061EA0D7C300805A88 /* LaunchScreen.storyboard */,
				314041091EA0D7C300805A88 /* Info.plist */,
			);
			path = TextAudio;
			sourceTree = "<group>";
		};
		314041111EA0D7C400805A88 /* TextAudioTests */ = {
			isa = PBXGroup;
			children = (
				314041121EA0D7C400805A88 /* TextAudioTests.swift */,
				314041141EA0D7C400805A88 /* Info.plist */,
			);
			path = TextAudioTests;
			sourceTree = "<group>";
		};
		3140411D1EA0D81E00805A88 /* iPhone */ = {
			isa = PBXGroup;
			children = (
				314041011EA0D7C300805A88 /* Main.storyboard */,
				7AD57BD81EB3055C00549B02 /* IAPHelper.swift */,
				7AD57BDA1EB31C6900549B02 /* TextAudioProducst.swift */,
				3140411E1EA0D83900805A88 /* LatestViewController.swift */,
				314041431EA1BC9700805A88 /* BookInfoViewController.swift */,
				7AD57B731EA4545000549B02 /* MyBooksViewController.swift */,
				7AD57BCA1EA85A0F00549B02 /* BookCoverViewController.swift */,
				7AD57BCD1EA876E800549B02 /* ContentsViewController.swift */,
				7AD57BCF1EA8921D00549B02 /* ReadBookViewController.swift */,
				314041201EA0D87500805A88 /* BookTableViewCell.swift */,
				7AD57B831EA4787900549B02 /* MyBooksCell.swift */,
				7AD57BC21EA5A57000549B02 /* MZDownloadManagerViewController.swift */,
				7AD57BC31EA5A57000549B02 /* MZDownloadingCell.swift */,
				3140412D1EA10A1F00805A88 /* Util.swift */,
				314041451EA251C100805A88 /* Book.swift */,
			);
			name = iPhone;
			sourceTree = "<group>";
		};
		314041221EA0FBA100805A88 /* Frameworks */ = {
			isa = PBXGroup;
			children = (
				317593021EBD5E6B0055CFC3 /* libz.tbd */,
				317592FF1EBD58830055CFC3 /* libwebp.framework */,
				317592B41EBD4D840055CFC3 /* SDWebImage.framework */,
				317592AA1EBD479C0055CFC3 /* SSZipArchive.framework */,
				7AD57BD41EB2FE8D00549B02 /* StoreKit.framework */,
				7AD57BD21EA9E75000549B02 /* AVFoundation.framework */,
			);
			name = Frameworks;
			sourceTree = "<group>";
		};
		317592B71EBD56090055CFC3 /* SDWebImage */ = {
			isa = PBXGroup;
			children = (
				317592B81EBD56090055CFC3 /* FLAnimatedImage */,
				317592BB1EBD56090055CFC3 /* MKAnnotationView+WebCache.h */,
				317592BC1EBD56090055CFC3 /* MKAnnotationView+WebCache.m */,
				317592BD1EBD56090055CFC3 /* NSData+ImageContentType.h */,
				317592BE1EBD56090055CFC3 /* NSData+ImageContentType.m */,
				317592BF1EBD56090055CFC3 /* NSImage+WebCache.h */,
				317592C01EBD56090055CFC3 /* NSImage+WebCache.m */,
				317592C11EBD56090055CFC3 /* SDImageCache.h */,
				317592C21EBD56090055CFC3 /* SDImageCache.m */,
				317592C31EBD56090055CFC3 /* SDImageCacheConfig.h */,
				317592C41EBD56090055CFC3 /* SDImageCacheConfig.m */,
				317592C51EBD56090055CFC3 /* SDWebImageCompat.h */,
				317592C61EBD56090055CFC3 /* SDWebImageCompat.m */,
				317592C71EBD56090055CFC3 /* SDWebImageDecoder.h */,
				317592C81EBD56090055CFC3 /* SDWebImageDecoder.m */,
				317592C91EBD56090055CFC3 /* SDWebImageDownloader.h */,
				317592CA1EBD56090055CFC3 /* SDWebImageDownloader.m */,
				317592CB1EBD56090055CFC3 /* SDWebImageDownloaderOperation.h */,
				317592CC1EBD56090055CFC3 /* SDWebImageDownloaderOperation.m */,
				317592CD1EBD56090055CFC3 /* SDWebImageManager.h */,
				317592CE1EBD56090055CFC3 /* SDWebImageManager.m */,
				317592CF1EBD56090055CFC3 /* SDWebImageOperation.h */,
				317592D01EBD56090055CFC3 /* SDWebImagePrefetcher.h */,
				317592D11EBD56090055CFC3 /* SDWebImagePrefetcher.m */,
				317592D21EBD56090055CFC3 /* UIButton+WebCache.h */,
				317592D31EBD56090055CFC3 /* UIButton+WebCache.m */,
				317592D41EBD56090055CFC3 /* UIImage+GIF.h */,
				317592D51EBD56090055CFC3 /* UIImage+GIF.m */,
				317592D61EBD56090055CFC3 /* UIImage+MultiFormat.h */,
				317592D71EBD56090055CFC3 /* UIImage+MultiFormat.m */,
				317592D81EBD56090055CFC3 /* UIImage+WebP.h */,
				317592D91EBD56090055CFC3 /* UIImage+WebP.m */,
				317592DA1EBD56090055CFC3 /* UIImageView+HighlightedWebCache.h */,
				317592DB1EBD56090055CFC3 /* UIImageView+HighlightedWebCache.m */,
				317592DC1EBD56090055CFC3 /* UIImageView+WebCache.h */,
				317592DD1EBD56090055CFC3 /* UIImageView+WebCache.m */,
				317592DE1EBD56090055CFC3 /* UIView+WebCache.h */,
				317592DF1EBD56090055CFC3 /* UIView+WebCache.m */,
				317592E01EBD56090055CFC3 /* UIView+WebCacheOperation.h */,
				317592E11EBD56090055CFC3 /* UIView+WebCacheOperation.m */,
			);
			path = SDWebImage;
			sourceTree = "<group>";
		};
		317592B81EBD56090055CFC3 /* FLAnimatedImage */ = {
			isa = PBXGroup;
			children = (
				317592B91EBD56090055CFC3 /* FLAnimatedImageView+WebCache.h */,
				317592BA1EBD56090055CFC3 /* FLAnimatedImageView+WebCache.m */,
			);
			path = FLAnimatedImage;
			sourceTree = "<group>";
		};
		317592F61EBD56450055CFC3 /* FLAnimatedImage */ = {
			isa = PBXGroup;
			children = (
				317592F71EBD56450055CFC3 /* FLAnimatedImage.h */,
				317592F81EBD56450055CFC3 /* FLAnimatedImage.m */,
				317592F91EBD56450055CFC3 /* FLAnimatedImageView.h */,
				317592FA1EBD56450055CFC3 /* FLAnimatedImageView.m */,
				317592FB1EBD56450055CFC3 /* Info.plist */,
			);
			path = FLAnimatedImage;
			sourceTree = "<group>";
		};
		31A0D0BC1EC1635D007C7B1E /* TextAudioBooksTests */ = {
			isa = PBXGroup;
			children = (
				31A0D0BD1EC1635D007C7B1E /* TextAudioBooksTests.swift */,
				31A0D0BF1EC1635E007C7B1E /* Info.plist */,
			);
			path = TextAudioBooksTests;
			sourceTree = "<group>";
		};
		7A3FFC3C1EC00FDC00175F32 /* SSZipArchive */ = {
			isa = PBXGroup;
			children = (
				7A3FFC3D1EC00FDC00175F32 /* aes */,
				7A3FFC531EC00FDC00175F32 /* Info.plist */,
				7A3FFC541EC00FDC00175F32 /* minizip */,
				7A3FFC5E1EC00FDC00175F32 /* SSZipArchive+Swift.swift */,
				7A3FFC5F1EC00FDC00175F32 /* SSZipArchive.h */,
				7A3FFC601EC00FDC00175F32 /* SSZipArchive.m */,
				7A3FFC611EC00FDC00175F32 /* SSZipCommon.h */,
				7A3FFC621EC00FDC00175F32 /* ZipArchive.h */,
			);
			path = SSZipArchive;
			sourceTree = "<group>";
		};
		7A3FFC3D1EC00FDC00175F32 /* aes */ = {
			isa = PBXGroup;
			children = (
				7A3FFC3E1EC00FDC00175F32 /* aes.h */,
				7A3FFC3F1EC00FDC00175F32 /* aes_via_ace.h */,
				7A3FFC401EC00FDC00175F32 /* aescrypt.c */,
				7A3FFC411EC00FDC00175F32 /* aeskey.c */,
				7A3FFC421EC00FDC00175F32 /* aesopt.h */,
				7A3FFC431EC00FDC00175F32 /* aestab.c */,
				7A3FFC441EC00FDC00175F32 /* aestab.h */,
				7A3FFC451EC00FDC00175F32 /* brg_endian.h */,
				7A3FFC461EC00FDC00175F32 /* brg_types.h */,
				7A3FFC471EC00FDC00175F32 /* entropy.c */,
				7A3FFC481EC00FDC00175F32 /* entropy.h */,
				7A3FFC491EC00FDC00175F32 /* fileenc.c */,
				7A3FFC4A1EC00FDC00175F32 /* fileenc.h */,
				7A3FFC4B1EC00FDC00175F32 /* hmac.c */,
				7A3FFC4C1EC00FDC00175F32 /* hmac.h */,
				7A3FFC4D1EC00FDC00175F32 /* prng.c */,
				7A3FFC4E1EC00FDC00175F32 /* prng.h */,
				7A3FFC4F1EC00FDC00175F32 /* pwd2key.c */,
				7A3FFC501EC00FDC00175F32 /* pwd2key.h */,
				7A3FFC511EC00FDC00175F32 /* sha1.c */,
				7A3FFC521EC00FDC00175F32 /* sha1.h */,
			);
			path = aes;
			sourceTree = "<group>";
		};
		7A3FFC541EC00FDC00175F32 /* minizip */ = {
			isa = PBXGroup;
			children = (
				7A3FFC551EC00FDC00175F32 /* crypt.h */,
				7A3FFC561EC00FDC00175F32 /* ioapi.c */,
				7A3FFC571EC00FDC00175F32 /* ioapi.h */,
				7A3FFC581EC00FDC00175F32 /* mztools.c */,
				7A3FFC591EC00FDC00175F32 /* mztools.h */,
				7A3FFC5A1EC00FDC00175F32 /* unzip.c */,
				7A3FFC5B1EC00FDC00175F32 /* unzip.h */,
				7A3FFC5C1EC00FDC00175F32 /* zip.c */,
				7A3FFC5D1EC00FDC00175F32 /* zip.h */,
			);
			path = minizip;
			sourceTree = "<group>";
		};
		7AD57B7C1EA4612600549B02 /* DownloadManager */ = {
			isa = PBXGroup;
			children = (
				7AD57B7D1EA4613E00549B02 /* MZDownloadManager.swift */,
				7AD57B7E1EA4613E00549B02 /* MZDownloadModel.swift */,
				7AD57B7F1EA4613E00549B02 /* MZUtility.swift */,
			);
			name = DownloadManager;
			sourceTree = "<group>";
		};
/* End PBXGroup section */

/* Begin PBXNativeTarget section */
		314040F91EA0D7C300805A88 /* TextAudioBooks */ = {
			isa = PBXNativeTarget;
			buildConfigurationList = 314041171EA0D7C400805A88 /* Build configuration list for PBXNativeTarget "TextAudioBooks" */;
			buildPhases = (
				314040F61EA0D7C300805A88 /* Sources */,
				314040F71EA0D7C300805A88 /* Frameworks */,
				314040F81EA0D7C300805A88 /* Resources */,
				317592AE1EBD47B70055CFC3 /* Embed Frameworks */,
			);
			buildRules = (
			);
			dependencies = (
			);
			name = TextAudioBooks;
			productName = TextAudio;
			productReference = 314040FA1EA0D7C300805A88 /* TextAudioBooks.app */;
			productType = "com.apple.product-type.application";
		};
		31A0D0BA1EC1635D007C7B1E /* TextAudioBooksTests */ = {
			isa = PBXNativeTarget;
			buildConfigurationList = 31A0D0C41EC1635E007C7B1E /* Build configuration list for PBXNativeTarget "TextAudioBooksTests" */;
			buildPhases = (
				31A0D0B71EC1635D007C7B1E /* Sources */,
				31A0D0B81EC1635D007C7B1E /* Frameworks */,
				31A0D0B91EC1635D007C7B1E /* Resources */,
			);
			buildRules = (
			);
			dependencies = (
				31A0D0C11EC1635E007C7B1E /* PBXTargetDependency */,
			);
			name = TextAudioBooksTests;
			productName = TextAudioBooksTests;
			productReference = 31A0D0BB1EC1635D007C7B1E /* TextAudioBooksTests.xctest */;
			productType = "com.apple.product-type.bundle.unit-test";
		};
/* End PBXNativeTarget section */

/* Begin PBXProject section */
		314040F21EA0D7C300805A88 /* Project object */ = {
			isa = PBXProject;
			attributes = {
				LastSwiftUpdateCheck = 0830;
				LastUpgradeCheck = 0810;
				ORGANIZATIONNAME = highwill;
				TargetAttributes = {
					314040F91EA0D7C300805A88 = {
						CreatedOnToolsVersion = 8.1;
						DevelopmentTeam = JN4U23SWSX;
						ProvisioningStyle = Automatic;
						SystemCapabilities = {
							com.apple.InAppPurchase = {
								enabled = 1;
							};
						};
					};
					31A0D0BA1EC1635D007C7B1E = {
						CreatedOnToolsVersion = 8.3.2;
						DevelopmentTeam = JN4U23SWSX;
						ProvisioningStyle = Automatic;
						TestTargetID = 314040F91EA0D7C300805A88;
					};
				};
			};
			buildConfigurationList = 314040F51EA0D7C300805A88 /* Build configuration list for PBXProject "TextAudio" */;
			compatibilityVersion = "Xcode 3.2";
			developmentRegion = English;
			hasScannedForEncodings = 0;
			knownRegions = (
				en,
				Base,
			);
			mainGroup = 314040F11EA0D7C300805A88;
			productRefGroup = 314040FB1EA0D7C300805A88 /* Products */;
			projectDirPath = "";
			projectRoot = "";
			targets = (
				314040F91EA0D7C300805A88 /* TextAudioBooks */,
				31A0D0BA1EC1635D007C7B1E /* TextAudioBooksTests */,
			);
		};
/* End PBXProject section */

/* Begin PBXResourcesBuildPhase section */
		314040F81EA0D7C300805A88 /* Resources */ = {
			isa = PBXResourcesBuildPhase;
			buildActionMask = 2147483647;
			files = (
				314041081EA0D7C300805A88 /* LaunchScreen.storyboard in Resources */,
				314041051EA0D7C300805A88 /* Assets.xcassets in Resources */,
				7A3FFC6C1EC00FDC00175F32 /* Info.plist in Resources */,
				3140412C1EA109B400805A88 /* BookCover.png in Resources */,
				317592FE1EBD56450055CFC3 /* Info.plist in Resources */,
				314041031EA0D7C300805A88 /* Main.storyboard in Resources */,
			);
			runOnlyForDeploymentPostprocessing = 0;
		};
		31A0D0B91EC1635D007C7B1E /* Resources */ = {
			isa = PBXResourcesBuildPhase;
			buildActionMask = 2147483647;
			files = (
			);
			runOnlyForDeploymentPostprocessing = 0;
		};
/* End PBXResourcesBuildPhase section */

/* Begin PBXSourcesBuildPhase section */
		314040F61EA0D7C300805A88 /* Sources */ = {
			isa = PBXSourcesBuildPhase;
			buildActionMask = 2147483647;
			files = (
				7A3FFC681EC00FDC00175F32 /* hmac.c in Sources */,
				317592E91EBD56090055CFC3 /* SDWebImageDecoder.m in Sources */,
				314041211EA0D87500805A88 /* BookTableViewCell.swift in Sources */,
				314041461EA251C100805A88 /* Book.swift in Sources */,
				7A3FFC671EC00FDC00175F32 /* fileenc.c in Sources */,
				317592E61EBD56090055CFC3 /* SDImageCache.m in Sources */,
				3140412E1EA10A1F00805A88 /* Util.swift in Sources */,
				7AD57B741EA4545000549B02 /* MyBooksViewController.swift in Sources */,
				317592E51EBD56090055CFC3 /* NSImage+WebCache.m in Sources */,
				317592E41EBD56090055CFC3 /* NSData+ImageContentType.m in Sources */,
				317592E81EBD56090055CFC3 /* SDWebImageCompat.m in Sources */,
				7AD57B811EA4613E00549B02 /* MZDownloadModel.swift in Sources */,
				317592F01EBD56090055CFC3 /* UIImage+MultiFormat.m in Sources */,
				317592EF1EBD56090055CFC3 /* UIImage+GIF.m in Sources */,
				317592EA1EBD56090055CFC3 /* SDWebImageDownloader.m in Sources */,
				7A3FFC701EC00FDC00175F32 /* zip.c in Sources */,
				7AD57BC41EA5A57000549B02 /* MZDownloadManagerViewController.swift in Sources */,
				7A3FFC6A1EC00FDC00175F32 /* pwd2key.c in Sources */,
				317592F31EBD56090055CFC3 /* UIImageView+WebCache.m in Sources */,
				317592EE1EBD56090055CFC3 /* UIButton+WebCache.m in Sources */,
				7AD57B841EA4787900549B02 /* MyBooksCell.swift in Sources */,
				7A3FFC721EC00FDC00175F32 /* SSZipArchive.m in Sources */,
				317592F41EBD56090055CFC3 /* UIView+WebCache.m in Sources */,
				7AD57BD91EB3055C00549B02 /* IAPHelper.swift in Sources */,
				7AD57B821EA4613E00549B02 /* MZUtility.swift in Sources */,
				7AD57B801EA4613E00549B02 /* MZDownloadManager.swift in Sources */,
				7A3FFC6D1EC00FDC00175F32 /* ioapi.c in Sources */,
				7A3FFC641EC00FDC00175F32 /* aeskey.c in Sources */,
				314041441EA1BC9700805A88 /* BookInfoViewController.swift in Sources */,
				7A3FFC631EC00FDC00175F32 /* aescrypt.c in Sources */,
				7AD57BC51EA5A57000549B02 /* MZDownloadingCell.swift in Sources */,
				317592EB1EBD56090055CFC3 /* SDWebImageDownloaderOperation.m in Sources */,
				7A3FFC6F1EC00FDC00175F32 /* unzip.c in Sources */,
				317592F51EBD56090055CFC3 /* UIView+WebCacheOperation.m in Sources */,
				317592E21EBD56090055CFC3 /* FLAnimatedImageView+WebCache.m in Sources */,
				317592E31EBD56090055CFC3 /* MKAnnotationView+WebCache.m in Sources */,
				317592FD1EBD56450055CFC3 /* FLAnimatedImageView.m in Sources */,
				317592ED1EBD56090055CFC3 /* SDWebImagePrefetcher.m in Sources */,
				7A3FFC661EC00FDC00175F32 /* entropy.c in Sources */,
				7A3FFC711EC00FDC00175F32 /* SSZipArchive+Swift.swift in Sources */,
				7A3FFC651EC00FDC00175F32 /* aestab.c in Sources */,
				317592F11EBD56090055CFC3 /* UIImage+WebP.m in Sources */,
				317592EC1EBD56090055CFC3 /* SDWebImageManager.m in Sources */,
				7AD57BCB1EA85A0F00549B02 /* BookCoverViewController.swift in Sources */,
				7A3FFC6B1EC00FDC00175F32 /* sha1.c in Sources */,
				7A3FFC6E1EC00FDC00175F32 /* mztools.c in Sources */,
				314040FE1EA0D7C300805A88 /* AppDelegate.swift in Sources */,
				7A3FFC691EC00FDC00175F32 /* prng.c in Sources */,
				317592E71EBD56090055CFC3 /* SDImageCacheConfig.m in Sources */,
				7AD57BD01EA8921D00549B02 /* ReadBookViewController.swift in Sources */,
				3140411F1EA0D83900805A88 /* LatestViewController.swift in Sources */,
				317592FC1EBD56450055CFC3 /* FLAnimatedImage.m in Sources */,
				7AD57BCE1EA876E800549B02 /* ContentsViewController.swift in Sources */,
				317592F21EBD56090055CFC3 /* UIImageView+HighlightedWebCache.m in Sources */,
				7AD57BDB1EB31C6900549B02 /* TextAudioProducst.swift in Sources */,
			);
			runOnlyForDeploymentPostprocessing = 0;
		};
		31A0D0B71EC1635D007C7B1E /* Sources */ = {
			isa = PBXSourcesBuildPhase;
			buildActionMask = 2147483647;
			files = (
				31A0D0C51EC1636B007C7B1E /* SSZipArchive+Swift.swift in Sources */,
				31A0D0BE1EC1635D007C7B1E /* TextAudioBooksTests.swift in Sources */,
			);
			runOnlyForDeploymentPostprocessing = 0;
		};
/* End PBXSourcesBuildPhase section */

/* Begin PBXTargetDependency section */
		31A0D0C11EC1635E007C7B1E /* PBXTargetDependency */ = {
			isa = PBXTargetDependency;
			target = 314040F91EA0D7C300805A88 /* TextAudioBooks */;
			targetProxy = 31A0D0C01EC1635E007C7B1E /* PBXContainerItemProxy */;
		};
/* End PBXTargetDependency section */

/* Begin PBXVariantGroup section */
		314041011EA0D7C300805A88 /* Main.storyboard */ = {
			isa = PBXVariantGroup;
			children = (
				314041021EA0D7C300805A88 /* Base */,
			);
			name = Main.storyboard;
			sourceTree = "<group>";
		};
		314041061EA0D7C300805A88 /* LaunchScreen.storyboard */ = {
			isa = PBXVariantGroup;
			children = (
				314041071EA0D7C300805A88 /* Base */,
			);
			name = LaunchScreen.storyboard;
			sourceTree = "<group>";
		};
/* End PBXVariantGroup section */

/* Begin XCBuildConfiguration section */
		314041151EA0D7C400805A88 /* Debug */ = {
			isa = XCBuildConfiguration;
			buildSettings = {
				ALWAYS_SEARCH_USER_PATHS = NO;
				CLANG_ANALYZER_NONNULL = YES;
				CLANG_CXX_LANGUAGE_STANDARD = "gnu++0x";
				CLANG_CXX_LIBRARY = "libc++";
				CLANG_ENABLE_MODULES = YES;
				CLANG_ENABLE_OBJC_ARC = YES;
				CLANG_WARN_BOOL_CONVERSION = YES;
				CLANG_WARN_CONSTANT_CONVERSION = YES;
				CLANG_WARN_DIRECT_OBJC_ISA_USAGE = YES_ERROR;
				CLANG_WARN_DOCUMENTATION_COMMENTS = YES;
				CLANG_WARN_EMPTY_BODY = YES;
				CLANG_WARN_ENUM_CONVERSION = YES;
				CLANG_WARN_INFINITE_RECURSION = YES;
				CLANG_WARN_INT_CONVERSION = YES;
				CLANG_WARN_OBJC_ROOT_CLASS = YES_ERROR;
				CLANG_WARN_SUSPICIOUS_MOVES = YES;
				CLANG_WARN_UNREACHABLE_CODE = YES;
				CLANG_WARN__DUPLICATE_METHOD_MATCH = YES;
				"CODE_SIGN_IDENTITY[sdk=iphoneos*]" = "iPhone Developer";
				COPY_PHASE_STRIP = NO;
				DEBUG_ACTIVITY_MODE = "";
				"DEBUG_ACTIVITY_MODE[sdk=iphonesimulator*]" = disable;
				DEBUG_INFORMATION_FORMAT = dwarf;
				ENABLE_STRICT_OBJC_MSGSEND = YES;
				ENABLE_TESTABILITY = YES;
				GCC_C_LANGUAGE_STANDARD = gnu99;
				GCC_DYNAMIC_NO_PIC = NO;
				GCC_NO_COMMON_BLOCKS = YES;
				GCC_OPTIMIZATION_LEVEL = 0;
				GCC_PREPROCESSOR_DEFINITIONS = (
					"DEBUG=1",
					"$(inherited)",
				);
				GCC_WARN_64_TO_32_BIT_CONVERSION = YES;
				GCC_WARN_ABOUT_RETURN_TYPE = YES_ERROR;
				GCC_WARN_UNDECLARED_SELECTOR = YES;
				GCC_WARN_UNINITIALIZED_AUTOS = YES_AGGRESSIVE;
				GCC_WARN_UNUSED_FUNCTION = YES;
				GCC_WARN_UNUSED_VARIABLE = YES;
				IPHONEOS_DEPLOYMENT_TARGET = 8.1;
				MTL_ENABLE_DEBUG_INFO = YES;
				ONLY_ACTIVE_ARCH = YES;
				SDKROOT = iphoneos;
				SWIFT_ACTIVE_COMPILATION_CONDITIONS = DEBUG;
				SWIFT_OPTIMIZATION_LEVEL = "-Onone";
			};
			name = Debug;
		};
		314041161EA0D7C400805A88 /* Release */ = {
			isa = XCBuildConfiguration;
			buildSettings = {
				ALWAYS_SEARCH_USER_PATHS = NO;
				CLANG_ANALYZER_NONNULL = YES;
				CLANG_CXX_LANGUAGE_STANDARD = "gnu++0x";
				CLANG_CXX_LIBRARY = "libc++";
				CLANG_ENABLE_MODULES = YES;
				CLANG_ENABLE_OBJC_ARC = YES;
				CLANG_WARN_BOOL_CONVERSION = YES;
				CLANG_WARN_CONSTANT_CONVERSION = YES;
				CLANG_WARN_DIRECT_OBJC_ISA_USAGE = YES_ERROR;
				CLANG_WARN_DOCUMENTATION_COMMENTS = YES;
				CLANG_WARN_EMPTY_BODY = YES;
				CLANG_WARN_ENUM_CONVERSION = YES;
				CLANG_WARN_INFINITE_RECURSION = YES;
				CLANG_WARN_INT_CONVERSION = YES;
				CLANG_WARN_OBJC_ROOT_CLASS = YES_ERROR;
				CLANG_WARN_SUSPICIOUS_MOVES = YES;
				CLANG_WARN_UNREACHABLE_CODE = YES;
				CLANG_WARN__DUPLICATE_METHOD_MATCH = YES;
				"CODE_SIGN_IDENTITY[sdk=iphoneos*]" = "iPhone Developer";
				COPY_PHASE_STRIP = NO;
				DEBUG_ACTIVITY_MODE = "";
				DEBUG_INFORMATION_FORMAT = "dwarf-with-dsym";
				ENABLE_NS_ASSERTIONS = NO;
				ENABLE_STRICT_OBJC_MSGSEND = YES;
				GCC_C_LANGUAGE_STANDARD = gnu99;
				GCC_NO_COMMON_BLOCKS = YES;
				GCC_WARN_64_TO_32_BIT_CONVERSION = YES;
				GCC_WARN_ABOUT_RETURN_TYPE = YES_ERROR;
				GCC_WARN_UNDECLARED_SELECTOR = YES;
				GCC_WARN_UNINITIALIZED_AUTOS = YES_AGGRESSIVE;
				GCC_WARN_UNUSED_FUNCTION = YES;
				GCC_WARN_UNUSED_VARIABLE = YES;
				IPHONEOS_DEPLOYMENT_TARGET = 8.1;
				MTL_ENABLE_DEBUG_INFO = NO;
				SDKROOT = iphoneos;
				SWIFT_OPTIMIZATION_LEVEL = "-Owholemodule";
				VALIDATE_PRODUCT = YES;
			};
			name = Release;
		};
		314041181EA0D7C400805A88 /* Debug */ = {
			isa = XCBuildConfiguration;
			buildSettings = {
				ALWAYS_EMBED_SWIFT_STANDARD_LIBRARIES = NO;
				ASSETCATALOG_COMPILER_APPICON_NAME = AppIcon;
				DEVELOPMENT_TEAM = JN4U23SWSX;
				ENABLE_BITCODE = NO;
				FRAMEWORK_SEARCH_PATHS = "$(SRCROOT)/**";
				"FRAMEWORK_SEARCH_PATHS[arch=*]" = "$(SRCROOT)/**";
				INFOPLIST_FILE = TextAudio/Info.plist;
				IPHONEOS_DEPLOYMENT_TARGET = 8.1;
				LD_RUNPATH_SEARCH_PATHS = "$(inherited) @executable_path/Frameworks";
				LIBRARY_SEARCH_PATHS = "$(inherited)";
				ONLY_ACTIVE_ARCH = NO;
				OTHER_LDFLAGS = "$(inherited)";
				PRODUCT_BUNDLE_IDENTIFIER = kr.co.highwill.TextAudioBooks;
				PRODUCT_NAME = "$(TARGET_NAME)";
				SWIFT_VERSION = 3.0;
				TARGETED_DEVICE_FAMILY = "1,2";
				VALID_ARCHS = "arm64 armv7 armv7s";
			};
			name = Debug;
		};
		314041191EA0D7C400805A88 /* Release */ = {
			isa = XCBuildConfiguration;
			buildSettings = {
				ALWAYS_EMBED_SWIFT_STANDARD_LIBRARIES = NO;
				ASSETCATALOG_COMPILER_APPICON_NAME = AppIcon;
				DEVELOPMENT_TEAM = JN4U23SWSX;
				ENABLE_BITCODE = NO;
				FRAMEWORK_SEARCH_PATHS = "$(SRCROOT)/**";
				"FRAMEWORK_SEARCH_PATHS[arch=*]" = "$(SRCROOT)/**";
				INFOPLIST_FILE = TextAudio/Info.plist;
				IPHONEOS_DEPLOYMENT_TARGET = 8.1;
				LD_RUNPATH_SEARCH_PATHS = "$(inherited) @executable_path/Frameworks";
				LIBRARY_SEARCH_PATHS = "$(inherited)";
				"LIBRARY_SEARCH_PATHS[arch=*]" = "$(inherited)";
				ONLY_ACTIVE_ARCH = NO;
				OTHER_LDFLAGS = "$(inherited)";
				PRODUCT_BUNDLE_IDENTIFIER = kr.co.highwill.TextAudioBooks;
				PRODUCT_NAME = "$(TARGET_NAME)";
				SWIFT_VERSION = 3.0;
				TARGETED_DEVICE_FAMILY = "1,2";
				VALID_ARCHS = "arm64 armv7 armv7s";
			};
			name = Release;
		};
		31A0D0C21EC1635E007C7B1E /* Debug */ = {
			isa = XCBuildConfiguration;
			buildSettings = {
				BUNDLE_LOADER = "$(TEST_HOST)";
				CLANG_ANALYZER_NUMBER_OBJECT_CONVERSION = YES_AGGRESSIVE;
				CLANG_WARN_SUSPICIOUS_MOVE = YES;
				DEVELOPMENT_TEAM = JN4U23SWSX;
				INFOPLIST_FILE = TextAudioBooksTests/Info.plist;
				IPHONEOS_DEPLOYMENT_TARGET = 10.3;
				LD_RUNPATH_SEARCH_PATHS = "$(inherited) @executable_path/Frameworks @loader_path/Frameworks";
				PRODUCT_BUNDLE_IDENTIFIER = kr.co.highwill.TextAudioBooksTests;
				PRODUCT_NAME = "$(TARGET_NAME)";
				SWIFT_VERSION = 3.0;
				TEST_HOST = "$(BUILT_PRODUCTS_DIR)/TextAudioBooks.app/TextAudioBooks";
			};
			name = Debug;
		};
		31A0D0C31EC1635E007C7B1E /* Release */ = {
			isa = XCBuildConfiguration;
			buildSettings = {
				BUNDLE_LOADER = "$(TEST_HOST)";
				CLANG_ANALYZER_NUMBER_OBJECT_CONVERSION = YES_AGGRESSIVE;
				CLANG_WARN_SUSPICIOUS_MOVE = YES;
				DEVELOPMENT_TEAM = JN4U23SWSX;
				INFOPLIST_FILE = TextAudioBooksTests/Info.plist;
				IPHONEOS_DEPLOYMENT_TARGET = 10.3;
				LD_RUNPATH_SEARCH_PATHS = "$(inherited) @executable_path/Frameworks @loader_path/Frameworks";
				PRODUCT_BUNDLE_IDENTIFIER = kr.co.highwill.TextAudioBooksTests;
				PRODUCT_NAME = "$(TARGET_NAME)";
				SWIFT_VERSION = 3.0;
				TEST_HOST = "$(BUILT_PRODUCTS_DIR)/TextAudioBooks.app/TextAudioBooks";
			};
			name = Release;
		};
/* End XCBuildConfiguration section */

/* Begin XCConfigurationList section */
		314040F51EA0D7C300805A88 /* Build configuration list for PBXProject "TextAudio" */ = {
			isa = XCConfigurationList;
			buildConfigurations = (
				314041151EA0D7C400805A88 /* Debug */,
				314041161EA0D7C400805A88 /* Release */,
			);
			defaultConfigurationIsVisible = 0;
			defaultConfigurationName = Release;
		};
		314041171EA0D7C400805A88 /* Build configuration list for PBXNativeTarget "TextAudioBooks" */ = {
			isa = XCConfigurationList;
			buildConfigurations = (
				314041181EA0D7C400805A88 /* Debug */,
				314041191EA0D7C400805A88 /* Release */,
			);
			defaultConfigurationIsVisible = 0;
			defaultConfigurationName = Release;
		};
		31A0D0C41EC1635E007C7B1E /* Build configuration list for PBXNativeTarget "TextAudioBooksTests" */ = {
			isa = XCConfigurationList;
			buildConfigurations = (
				31A0D0C21EC1635E007C7B1E /* Debug */,
				31A0D0C31EC1635E007C7B1E /* Release */,
			);
			defaultConfigurationIsVisible = 0;
		};
/* End XCConfigurationList section */
	};
	rootObject = 314040F21EA0D7C300805A88 /* Project object */;
}
